
Microsoft Visual Studio Solution File, Format Version 12.00
# Visual Studio Version 17
VisualStudioVersion = 17.11.35327.3
MinimumVisualStudioVersion = 10.0.40219.1
Project("{FAE04EC0-301F-11D3-BF4B-00C04F79EFBC}") = "AttorneyNetwork", "AttorneyNetwork\AttorneyNetwork.csproj", "{7052FC9D-0FBF-4899-872E-15C6B9B5FDA4}"
EndProject
Global
	GlobalSection(SolutionConfigurationPlatforms) = preSolution
		Debug|Any CPU = Debug|Any CPU
		Release|Any CPU = Release|Any CPU
	EndGlobalSection
	GlobalSection(ProjectConfigurationPlatforms) = postSolution
		{7052FC9D-0FBF-4899-872E-15C6B9B5FDA4}.Debug|Any CPU.ActiveCfg = Debug|Any CPU
		{7052FC9D-0FBF-4899-872E-15C6B9B5FDA4}.Debug|Any CPU.Build.0 = Debug|Any CPU
		{7052FC9D-0FBF-4899-872E-15C6B9B5FDA4}.Release|Any CPU.ActiveCfg = Release|Any CPU
		{7052FC9D-0FBF-4899-872E-15C6B9B5FDA4}.Release|Any CPU.Build.0 = Release|Any CPU
	EndGlobalSection
	GlobalSection(SolutionProperties) = preSolution
		HideSolutionNode = FALSE
	EndGlobalSection
	GlobalSection(ExtensibilityGlobals) = postSolution
		SolutionGuid = {CCF198AB-2343-4DCF-B86E-9E1A7CBA957F}
	EndGlobalSection
EndGlobal
